
Microsoft Visual Studio Solution File, Format Version 12.00
# Visual Studio Version 17
VisualStudioVersion = 17.5.33627.172
MinimumVisualStudioVersion = 10.0.40219.1
Project("{F184B08F-C81C-45F6-A57F-5ABD9991F28F}") = "OOP-13D-23-24", "OOP-13D-23-24\OOP-13D-23-24.vbproj", "{41F1F213-BE6F-456A-8AD6-20A0E38589AE}"
EndProject
Global
	GlobalSection(SolutionConfigurationPlatforms) = preSolution
		Debug|Any CPU = Debug|Any CPU
		Release|Any CPU = Release|Any CPU
	EndGlobalSection
	GlobalSection(ProjectConfigurationPlatforms) = postSolution
		{41F1F213-BE6F-456A-8AD6-20A0E38589AE}.Debug|Any CPU.ActiveCfg = Debug|Any CPU
		{41F1F213-BE6F-456A-8AD6-20A0E38589AE}.Debug|Any CPU.Build.0 = Debug|Any CPU
		{41F1F213-BE6F-456A-8AD6-20A0E38589AE}.Release|Any CPU.ActiveCfg = Release|Any CPU
		{41F1F213-BE6F-456A-8AD6-20A0E38589AE}.Release|Any CPU.Build.0 = Release|Any CPU
	EndGlobalSection
	GlobalSection(SolutionProperties) = preSolution
		HideSolutionNode = FALSE
	EndGlobalSection
	GlobalSection(ExtensibilityGlobals) = postSolution
		SolutionGuid = {D72C77AF-227E-4EA9-B9EC-719FB6413C89}
	EndGlobalSection
EndGlobal
